
Microsoft Visual Studio Solution File, Format Version 12.00
# Visual Studio Version 17
VisualStudioVersion = 17.2.32630.192
MinimumVisualStudioVersion = 10.0.40219.1
Project("{FAE04EC0-301F-11D3-BF4B-00C04F79EFBC}") = "RestoranSistem1", "RestoranSistem1\RestoranSistem1.csproj", "{B681B7AF-6668-4676-991A-FC883618254D}"
EndProject
Global
	GlobalSection(SolutionConfigurationPlatforms) = preSolution
		Debug|Any CPU = Debug|Any CPU
		Release|Any CPU = Release|Any CPU
	EndGlobalSection
	GlobalSection(ProjectConfigurationPlatforms) = postSolution
		{B681B7AF-6668-4676-991A-FC883618254D}.Debug|Any CPU.ActiveCfg = Debug|Any CPU
		{B681B7AF-6668-4676-991A-FC883618254D}.Debug|Any CPU.Build.0 = Debug|Any CPU
		{B681B7AF-6668-4676-991A-FC883618254D}.Release|Any CPU.ActiveCfg = Release|Any CPU
		{B681B7AF-6668-4676-991A-FC883618254D}.Release|Any CPU.Build.0 = Release|Any CPU
	EndGlobalSection
	GlobalSection(SolutionProperties) = preSolution
		HideSolutionNode = FALSE
	EndGlobalSection
	GlobalSection(ExtensibilityGlobals) = postSolution
		SolutionGuid = {EFFA62AB-4C50-4278-83C5-D797572F346F}
	EndGlobalSection
EndGlobal
